
Microsoft Visual Studio Solution File, Format Version 12.00
# Visual Studio Version 17
VisualStudioVersion = 17.0.32112.339
MinimumVisualStudioVersion = 10.0.40219.1
Project("{FAE04EC0-301F-11D3-BF4B-00C04F79EFBC}") = "ConsoleFileManager", "ConsoleFileManager\ConsoleFileManager.csproj", "{2EDD4257-3F26-4D86-B8B1-6C7A8DD9B60E}"
EndProject
Global
	GlobalSection(SolutionConfigurationPlatforms) = preSolution
		Debug|Any CPU = Debug|Any CPU
		Release|Any CPU = Release|Any CPU
	EndGlobalSection
	GlobalSection(ProjectConfigurationPlatforms) = postSolution
		{2EDD4257-3F26-4D86-B8B1-6C7A8DD9B60E}.Debug|Any CPU.ActiveCfg = Debug|Any CPU
		{2EDD4257-3F26-4D86-B8B1-6C7A8DD9B60E}.Debug|Any CPU.Build.0 = Debug|Any CPU
		{2EDD4257-3F26-4D86-B8B1-6C7A8DD9B60E}.Release|Any CPU.ActiveCfg = Release|Any CPU
		{2EDD4257-3F26-4D86-B8B1-6C7A8DD9B60E}.Release|Any CPU.Build.0 = Release|Any CPU
	EndGlobalSection
	GlobalSection(SolutionProperties) = preSolution
		HideSolutionNode = FALSE
	EndGlobalSection
	GlobalSection(ExtensibilityGlobals) = postSolution
		SolutionGuid = {6A21E2F7-3895-43CA-9C45-CC081E9BCAC3}
	EndGlobalSection
EndGlobal
